
Microsoft Visual Studio Solution File, Format Version 12.00
# Visual Studio Version 17
VisualStudioVersion = 17.4.33213.308
MinimumVisualStudioVersion = 10.0.40219.1
Project("{FAE04EC0-301F-11D3-BF4B-00C04F79EFBC}") = "uri1042", "uri1042\uri1042.csproj", "{74F97A52-17B6-4F10-B92A-76309756C1B7}"
EndProject
Global
	GlobalSection(SolutionConfigurationPlatforms) = preSolution
		Debug|Any CPU = Debug|Any CPU
		Release|Any CPU = Release|Any CPU
	EndGlobalSection
	GlobalSection(ProjectConfigurationPlatforms) = postSolution
		{74F97A52-17B6-4F10-B92A-76309756C1B7}.Debug|Any CPU.ActiveCfg = Debug|Any CPU
		{74F97A52-17B6-4F10-B92A-76309756C1B7}.Debug|Any CPU.Build.0 = Debug|Any CPU
		{74F97A52-17B6-4F10-B92A-76309756C1B7}.Release|Any CPU.ActiveCfg = Release|Any CPU
		{74F97A52-17B6-4F10-B92A-76309756C1B7}.Release|Any CPU.Build.0 = Release|Any CPU
	EndGlobalSection
	GlobalSection(SolutionProperties) = preSolution
		HideSolutionNode = FALSE
	EndGlobalSection
	GlobalSection(ExtensibilityGlobals) = postSolution
		SolutionGuid = {77A5506C-E503-4F6C-AA7E-039D9B0AAF4F}
	EndGlobalSection
EndGlobal
