
Microsoft Visual Studio Solution File, Format Version 12.00
# Visual Studio Version 17
VisualStudioVersion = 17.4.33213.308
MinimumVisualStudioVersion = 10.0.40219.1
Project("{FAE04EC0-301F-11D3-BF4B-00C04F79EFBC}") = "uri1151", "uri1151\uri1151.csproj", "{EB7467E4-D16D-40FB-8CA6-9C4AC89452BE}"
EndProject
Global
	GlobalSection(SolutionConfigurationPlatforms) = preSolution
		Debug|Any CPU = Debug|Any CPU
		Release|Any CPU = Release|Any CPU
	EndGlobalSection
	GlobalSection(ProjectConfigurationPlatforms) = postSolution
		{EB7467E4-D16D-40FB-8CA6-9C4AC89452BE}.Debug|Any CPU.ActiveCfg = Debug|Any CPU
		{EB7467E4-D16D-40FB-8CA6-9C4AC89452BE}.Debug|Any CPU.Build.0 = Debug|Any CPU
		{EB7467E4-D16D-40FB-8CA6-9C4AC89452BE}.Release|Any CPU.ActiveCfg = Release|Any CPU
		{EB7467E4-D16D-40FB-8CA6-9C4AC89452BE}.Release|Any CPU.Build.0 = Release|Any CPU
	EndGlobalSection
	GlobalSection(SolutionProperties) = preSolution
		HideSolutionNode = FALSE
	EndGlobalSection
	GlobalSection(ExtensibilityGlobals) = postSolution
		SolutionGuid = {3C76830C-2AB2-432E-AD76-7DCFA5C8F629}
	EndGlobalSection
EndGlobal
