
Microsoft Visual Studio Solution File, Format Version 12.00
# Visual Studio Version 17
VisualStudioVersion = 17.4.33213.308
MinimumVisualStudioVersion = 10.0.40219.1
Project("{FAE04EC0-301F-11D3-BF4B-00C04F79EFBC}") = "uri1115", "uri1115\uri1115.csproj", "{6C872605-FEBF-4B6C-8773-EE2F2B7410C7}"
EndProject
Global
	GlobalSection(SolutionConfigurationPlatforms) = preSolution
		Debug|Any CPU = Debug|Any CPU
		Release|Any CPU = Release|Any CPU
	EndGlobalSection
	GlobalSection(ProjectConfigurationPlatforms) = postSolution
		{6C872605-FEBF-4B6C-8773-EE2F2B7410C7}.Debug|Any CPU.ActiveCfg = Debug|Any CPU
		{6C872605-FEBF-4B6C-8773-EE2F2B7410C7}.Debug|Any CPU.Build.0 = Debug|Any CPU
		{6C872605-FEBF-4B6C-8773-EE2F2B7410C7}.Release|Any CPU.ActiveCfg = Release|Any CPU
		{6C872605-FEBF-4B6C-8773-EE2F2B7410C7}.Release|Any CPU.Build.0 = Release|Any CPU
	EndGlobalSection
	GlobalSection(SolutionProperties) = preSolution
		HideSolutionNode = FALSE
	EndGlobalSection
	GlobalSection(ExtensibilityGlobals) = postSolution
		SolutionGuid = {B4D8B0B2-7024-4D67-A06B-622BA510EC44}
	EndGlobalSection
EndGlobal
