
Microsoft Visual Studio Solution File, Format Version 12.00
# Visual Studio Version 17
VisualStudioVersion = 17.4.33213.308
MinimumVisualStudioVersion = 10.0.40219.1
Project("{FAE04EC0-301F-11D3-BF4B-00C04F79EFBC}") = "uri1037", "uri1037\uri1037.csproj", "{9E137C63-B76A-4A65-AF77-49DBDB8C25A6}"
EndProject
Global
	GlobalSection(SolutionConfigurationPlatforms) = preSolution
		Debug|Any CPU = Debug|Any CPU
		Release|Any CPU = Release|Any CPU
	EndGlobalSection
	GlobalSection(ProjectConfigurationPlatforms) = postSolution
		{9E137C63-B76A-4A65-AF77-49DBDB8C25A6}.Debug|Any CPU.ActiveCfg = Debug|Any CPU
		{9E137C63-B76A-4A65-AF77-49DBDB8C25A6}.Debug|Any CPU.Build.0 = Debug|Any CPU
		{9E137C63-B76A-4A65-AF77-49DBDB8C25A6}.Release|Any CPU.ActiveCfg = Release|Any CPU
		{9E137C63-B76A-4A65-AF77-49DBDB8C25A6}.Release|Any CPU.Build.0 = Release|Any CPU
	EndGlobalSection
	GlobalSection(SolutionProperties) = preSolution
		HideSolutionNode = FALSE
	EndGlobalSection
	GlobalSection(ExtensibilityGlobals) = postSolution
		SolutionGuid = {7BF1E707-86CF-4BE1-9D7A-CEBA771BD5FD}
	EndGlobalSection
EndGlobal
