
Microsoft Visual Studio Solution File, Format Version 12.00
# Visual Studio Version 17
VisualStudioVersion = 17.4.33213.308
MinimumVisualStudioVersion = 10.0.40219.1
Project("{FAE04EC0-301F-11D3-BF4B-00C04F79EFBC}") = "uri1101", "uri1101\uri1101.csproj", "{29A55C48-FDFE-4449-9F86-257E1F9AFF5C}"
EndProject
Global
	GlobalSection(SolutionConfigurationPlatforms) = preSolution
		Debug|Any CPU = Debug|Any CPU
		Release|Any CPU = Release|Any CPU
	EndGlobalSection
	GlobalSection(ProjectConfigurationPlatforms) = postSolution
		{29A55C48-FDFE-4449-9F86-257E1F9AFF5C}.Debug|Any CPU.ActiveCfg = Debug|Any CPU
		{29A55C48-FDFE-4449-9F86-257E1F9AFF5C}.Debug|Any CPU.Build.0 = Debug|Any CPU
		{29A55C48-FDFE-4449-9F86-257E1F9AFF5C}.Release|Any CPU.ActiveCfg = Release|Any CPU
		{29A55C48-FDFE-4449-9F86-257E1F9AFF5C}.Release|Any CPU.Build.0 = Release|Any CPU
	EndGlobalSection
	GlobalSection(SolutionProperties) = preSolution
		HideSolutionNode = FALSE
	EndGlobalSection
	GlobalSection(ExtensibilityGlobals) = postSolution
		SolutionGuid = {E543543F-FEAD-4240-B8FF-733BD30B7B84}
	EndGlobalSection
EndGlobal
