
Microsoft Visual Studio Solution File, Format Version 12.00
# Visual Studio Version 17
VisualStudioVersion = 17.4.33213.308
MinimumVisualStudioVersion = 10.0.40219.1
Project("{FAE04EC0-301F-11D3-BF4B-00C04F79EFBC}") = "uri1156", "uri1156\uri1156.csproj", "{E049586B-3FC7-490A-A747-29D62F1F975A}"
EndProject
Global
	GlobalSection(SolutionConfigurationPlatforms) = preSolution
		Debug|Any CPU = Debug|Any CPU
		Release|Any CPU = Release|Any CPU
	EndGlobalSection
	GlobalSection(ProjectConfigurationPlatforms) = postSolution
		{E049586B-3FC7-490A-A747-29D62F1F975A}.Debug|Any CPU.ActiveCfg = Debug|Any CPU
		{E049586B-3FC7-490A-A747-29D62F1F975A}.Debug|Any CPU.Build.0 = Debug|Any CPU
		{E049586B-3FC7-490A-A747-29D62F1F975A}.Release|Any CPU.ActiveCfg = Release|Any CPU
		{E049586B-3FC7-490A-A747-29D62F1F975A}.Release|Any CPU.Build.0 = Release|Any CPU
	EndGlobalSection
	GlobalSection(SolutionProperties) = preSolution
		HideSolutionNode = FALSE
	EndGlobalSection
	GlobalSection(ExtensibilityGlobals) = postSolution
		SolutionGuid = {B7807FED-EC72-4094-BB2D-23164F11AE1F}
	EndGlobalSection
EndGlobal
