
Microsoft Visual Studio Solution File, Format Version 12.00
# Visual Studio Version 17
VisualStudioVersion = 17.4.33213.308
MinimumVisualStudioVersion = 10.0.40219.1
Project("{FAE04EC0-301F-11D3-BF4B-00C04F79EFBC}") = "uri1132", "uri1132\uri1132.csproj", "{8A0CB02F-1777-43F5-94EA-838CA059BD53}"
EndProject
Global
	GlobalSection(SolutionConfigurationPlatforms) = preSolution
		Debug|Any CPU = Debug|Any CPU
		Release|Any CPU = Release|Any CPU
	EndGlobalSection
	GlobalSection(ProjectConfigurationPlatforms) = postSolution
		{8A0CB02F-1777-43F5-94EA-838CA059BD53}.Debug|Any CPU.ActiveCfg = Debug|Any CPU
		{8A0CB02F-1777-43F5-94EA-838CA059BD53}.Debug|Any CPU.Build.0 = Debug|Any CPU
		{8A0CB02F-1777-43F5-94EA-838CA059BD53}.Release|Any CPU.ActiveCfg = Release|Any CPU
		{8A0CB02F-1777-43F5-94EA-838CA059BD53}.Release|Any CPU.Build.0 = Release|Any CPU
	EndGlobalSection
	GlobalSection(SolutionProperties) = preSolution
		HideSolutionNode = FALSE
	EndGlobalSection
	GlobalSection(ExtensibilityGlobals) = postSolution
		SolutionGuid = {214B8641-E8D7-44E7-84B8-4AB1E03412EC}
	EndGlobalSection
EndGlobal
