
Microsoft Visual Studio Solution File, Format Version 12.00
# Visual Studio Version 17
VisualStudioVersion = 17.4.33213.308
MinimumVisualStudioVersion = 10.0.40219.1
Project("{FAE04EC0-301F-11D3-BF4B-00C04F79EFBC}") = "uri1113", "uri1113\uri1113.csproj", "{48ABEF4C-0490-467B-B074-55B548293336}"
EndProject
Global
	GlobalSection(SolutionConfigurationPlatforms) = preSolution
		Debug|Any CPU = Debug|Any CPU
		Release|Any CPU = Release|Any CPU
	EndGlobalSection
	GlobalSection(ProjectConfigurationPlatforms) = postSolution
		{48ABEF4C-0490-467B-B074-55B548293336}.Debug|Any CPU.ActiveCfg = Debug|Any CPU
		{48ABEF4C-0490-467B-B074-55B548293336}.Debug|Any CPU.Build.0 = Debug|Any CPU
		{48ABEF4C-0490-467B-B074-55B548293336}.Release|Any CPU.ActiveCfg = Release|Any CPU
		{48ABEF4C-0490-467B-B074-55B548293336}.Release|Any CPU.Build.0 = Release|Any CPU
	EndGlobalSection
	GlobalSection(SolutionProperties) = preSolution
		HideSolutionNode = FALSE
	EndGlobalSection
	GlobalSection(ExtensibilityGlobals) = postSolution
		SolutionGuid = {3F89A28D-F69F-4E19-83B5-BA5D3FFB4A83}
	EndGlobalSection
EndGlobal
