
Microsoft Visual Studio Solution File, Format Version 12.00
# Visual Studio Version 17
VisualStudioVersion = 17.4.33213.308
MinimumVisualStudioVersion = 10.0.40219.1
Project("{FAE04EC0-301F-11D3-BF4B-00C04F79EFBC}") = "uri1165", "uri1165\uri1165.csproj", "{DB385036-D021-4044-B32A-40496393EE48}"
EndProject
Global
	GlobalSection(SolutionConfigurationPlatforms) = preSolution
		Debug|Any CPU = Debug|Any CPU
		Release|Any CPU = Release|Any CPU
	EndGlobalSection
	GlobalSection(ProjectConfigurationPlatforms) = postSolution
		{DB385036-D021-4044-B32A-40496393EE48}.Debug|Any CPU.ActiveCfg = Debug|Any CPU
		{DB385036-D021-4044-B32A-40496393EE48}.Debug|Any CPU.Build.0 = Debug|Any CPU
		{DB385036-D021-4044-B32A-40496393EE48}.Release|Any CPU.ActiveCfg = Release|Any CPU
		{DB385036-D021-4044-B32A-40496393EE48}.Release|Any CPU.Build.0 = Release|Any CPU
	EndGlobalSection
	GlobalSection(SolutionProperties) = preSolution
		HideSolutionNode = FALSE
	EndGlobalSection
	GlobalSection(ExtensibilityGlobals) = postSolution
		SolutionGuid = {6EF32A6A-AD0C-41D7-9549-C496169A54FE}
	EndGlobalSection
EndGlobal
