
Microsoft Visual Studio Solution File, Format Version 12.00
# Visual Studio Version 17
VisualStudioVersion = 17.4.33213.308
MinimumVisualStudioVersion = 10.0.40219.1
Project("{FAE04EC0-301F-11D3-BF4B-00C04F79EFBC}") = "uri1010", "uri1010\uri1010.csproj", "{71B31F06-863F-4F5A-A22C-0A39AAB3B760}"
EndProject
Global
	GlobalSection(SolutionConfigurationPlatforms) = preSolution
		Debug|Any CPU = Debug|Any CPU
		Release|Any CPU = Release|Any CPU
	EndGlobalSection
	GlobalSection(ProjectConfigurationPlatforms) = postSolution
		{71B31F06-863F-4F5A-A22C-0A39AAB3B760}.Debug|Any CPU.ActiveCfg = Debug|Any CPU
		{71B31F06-863F-4F5A-A22C-0A39AAB3B760}.Debug|Any CPU.Build.0 = Debug|Any CPU
		{71B31F06-863F-4F5A-A22C-0A39AAB3B760}.Release|Any CPU.ActiveCfg = Release|Any CPU
		{71B31F06-863F-4F5A-A22C-0A39AAB3B760}.Release|Any CPU.Build.0 = Release|Any CPU
	EndGlobalSection
	GlobalSection(SolutionProperties) = preSolution
		HideSolutionNode = FALSE
	EndGlobalSection
	GlobalSection(ExtensibilityGlobals) = postSolution
		SolutionGuid = {C23A634F-94B2-4510-9C10-DC2643AE508B}
	EndGlobalSection
EndGlobal
