
Microsoft Visual Studio Solution File, Format Version 12.00
# Visual Studio Version 17
VisualStudioVersion = 17.4.33213.308
MinimumVisualStudioVersion = 10.0.40219.1
Project("{FAE04EC0-301F-11D3-BF4B-00C04F79EFBC}") = "uri1046", "uri1046\uri1046.csproj", "{2E1936D7-63D3-4C0C-9276-3D31D826A118}"
EndProject
Global
	GlobalSection(SolutionConfigurationPlatforms) = preSolution
		Debug|Any CPU = Debug|Any CPU
		Release|Any CPU = Release|Any CPU
	EndGlobalSection
	GlobalSection(ProjectConfigurationPlatforms) = postSolution
		{2E1936D7-63D3-4C0C-9276-3D31D826A118}.Debug|Any CPU.ActiveCfg = Debug|Any CPU
		{2E1936D7-63D3-4C0C-9276-3D31D826A118}.Debug|Any CPU.Build.0 = Debug|Any CPU
		{2E1936D7-63D3-4C0C-9276-3D31D826A118}.Release|Any CPU.ActiveCfg = Release|Any CPU
		{2E1936D7-63D3-4C0C-9276-3D31D826A118}.Release|Any CPU.Build.0 = Release|Any CPU
	EndGlobalSection
	GlobalSection(SolutionProperties) = preSolution
		HideSolutionNode = FALSE
	EndGlobalSection
	GlobalSection(ExtensibilityGlobals) = postSolution
		SolutionGuid = {C92CD7E2-896F-4BE6-8627-53DE9DFDA909}
	EndGlobalSection
EndGlobal
