
Microsoft Visual Studio Solution File, Format Version 12.00
# Visual Studio Version 17
VisualStudioVersion = 17.4.33213.308
MinimumVisualStudioVersion = 10.0.40219.1
Project("{FAE04EC0-301F-11D3-BF4B-00C04F79EFBC}") = "uri1117", "uri1117\uri1117.csproj", "{A2448325-EB77-4218-9A81-E850ADFC3082}"
EndProject
Global
	GlobalSection(SolutionConfigurationPlatforms) = preSolution
		Debug|Any CPU = Debug|Any CPU
		Release|Any CPU = Release|Any CPU
	EndGlobalSection
	GlobalSection(ProjectConfigurationPlatforms) = postSolution
		{A2448325-EB77-4218-9A81-E850ADFC3082}.Debug|Any CPU.ActiveCfg = Debug|Any CPU
		{A2448325-EB77-4218-9A81-E850ADFC3082}.Debug|Any CPU.Build.0 = Debug|Any CPU
		{A2448325-EB77-4218-9A81-E850ADFC3082}.Release|Any CPU.ActiveCfg = Release|Any CPU
		{A2448325-EB77-4218-9A81-E850ADFC3082}.Release|Any CPU.Build.0 = Release|Any CPU
	EndGlobalSection
	GlobalSection(SolutionProperties) = preSolution
		HideSolutionNode = FALSE
	EndGlobalSection
	GlobalSection(ExtensibilityGlobals) = postSolution
		SolutionGuid = {C5F26CE3-AB4E-4406-8126-B29DF508A810}
	EndGlobalSection
EndGlobal
