
Microsoft Visual Studio Solution File, Format Version 12.00
# Visual Studio Version 17
VisualStudioVersion = 17.4.33213.308
MinimumVisualStudioVersion = 10.0.40219.1
Project("{FAE04EC0-301F-11D3-BF4B-00C04F79EFBC}") = "uri1134", "uri1134\uri1134.csproj", "{6FEF87EE-EC32-49E7-B41D-302232E2FBF8}"
EndProject
Global
	GlobalSection(SolutionConfigurationPlatforms) = preSolution
		Debug|Any CPU = Debug|Any CPU
		Release|Any CPU = Release|Any CPU
	EndGlobalSection
	GlobalSection(ProjectConfigurationPlatforms) = postSolution
		{6FEF87EE-EC32-49E7-B41D-302232E2FBF8}.Debug|Any CPU.ActiveCfg = Debug|Any CPU
		{6FEF87EE-EC32-49E7-B41D-302232E2FBF8}.Debug|Any CPU.Build.0 = Debug|Any CPU
		{6FEF87EE-EC32-49E7-B41D-302232E2FBF8}.Release|Any CPU.ActiveCfg = Release|Any CPU
		{6FEF87EE-EC32-49E7-B41D-302232E2FBF8}.Release|Any CPU.Build.0 = Release|Any CPU
	EndGlobalSection
	GlobalSection(SolutionProperties) = preSolution
		HideSolutionNode = FALSE
	EndGlobalSection
	GlobalSection(ExtensibilityGlobals) = postSolution
		SolutionGuid = {7B044A0C-3B43-4778-A07F-05F6B52F3163}
	EndGlobalSection
EndGlobal
