
Microsoft Visual Studio Solution File, Format Version 12.00
# Visual Studio Version 17
VisualStudioVersion = 17.4.33213.308
MinimumVisualStudioVersion = 10.0.40219.1
Project("{FAE04EC0-301F-11D3-BF4B-00C04F79EFBC}") = "uri1007", "uri1007\uri1007.csproj", "{FAFDB4A9-4C81-43A1-8F73-7E3FF40E6E6B}"
EndProject
Global
	GlobalSection(SolutionConfigurationPlatforms) = preSolution
		Debug|Any CPU = Debug|Any CPU
		Release|Any CPU = Release|Any CPU
	EndGlobalSection
	GlobalSection(ProjectConfigurationPlatforms) = postSolution
		{FAFDB4A9-4C81-43A1-8F73-7E3FF40E6E6B}.Debug|Any CPU.ActiveCfg = Debug|Any CPU
		{FAFDB4A9-4C81-43A1-8F73-7E3FF40E6E6B}.Debug|Any CPU.Build.0 = Debug|Any CPU
		{FAFDB4A9-4C81-43A1-8F73-7E3FF40E6E6B}.Release|Any CPU.ActiveCfg = Release|Any CPU
		{FAFDB4A9-4C81-43A1-8F73-7E3FF40E6E6B}.Release|Any CPU.Build.0 = Release|Any CPU
	EndGlobalSection
	GlobalSection(SolutionProperties) = preSolution
		HideSolutionNode = FALSE
	EndGlobalSection
	GlobalSection(ExtensibilityGlobals) = postSolution
		SolutionGuid = {F28C59B6-6348-434C-85A8-C756139F404F}
	EndGlobalSection
EndGlobal
