
Microsoft Visual Studio Solution File, Format Version 12.00
# Visual Studio Version 17
VisualStudioVersion = 17.4.33213.308
MinimumVisualStudioVersion = 10.0.40219.1
Project("{FAE04EC0-301F-11D3-BF4B-00C04F79EFBC}") = "uri1153", "uri1153\uri1153.csproj", "{A589BEA2-711D-43AD-AF3E-097E323D56AB}"
EndProject
Global
	GlobalSection(SolutionConfigurationPlatforms) = preSolution
		Debug|Any CPU = Debug|Any CPU
		Release|Any CPU = Release|Any CPU
	EndGlobalSection
	GlobalSection(ProjectConfigurationPlatforms) = postSolution
		{A589BEA2-711D-43AD-AF3E-097E323D56AB}.Debug|Any CPU.ActiveCfg = Debug|Any CPU
		{A589BEA2-711D-43AD-AF3E-097E323D56AB}.Debug|Any CPU.Build.0 = Debug|Any CPU
		{A589BEA2-711D-43AD-AF3E-097E323D56AB}.Release|Any CPU.ActiveCfg = Release|Any CPU
		{A589BEA2-711D-43AD-AF3E-097E323D56AB}.Release|Any CPU.Build.0 = Release|Any CPU
	EndGlobalSection
	GlobalSection(SolutionProperties) = preSolution
		HideSolutionNode = FALSE
	EndGlobalSection
	GlobalSection(ExtensibilityGlobals) = postSolution
		SolutionGuid = {69D7E084-05BA-41D3-B72A-0F47720C9F4A}
	EndGlobalSection
EndGlobal
