
Microsoft Visual Studio Solution File, Format Version 12.00
# Visual Studio Version 17
VisualStudioVersion = 17.4.33213.308
MinimumVisualStudioVersion = 10.0.40219.1
Project("{FAE04EC0-301F-11D3-BF4B-00C04F79EFBC}") = "uri1038", "uri1038\uri1038.csproj", "{CCC389AD-61A0-4A24-9C71-1703CE90FA75}"
EndProject
Global
	GlobalSection(SolutionConfigurationPlatforms) = preSolution
		Debug|Any CPU = Debug|Any CPU
		Release|Any CPU = Release|Any CPU
	EndGlobalSection
	GlobalSection(ProjectConfigurationPlatforms) = postSolution
		{CCC389AD-61A0-4A24-9C71-1703CE90FA75}.Debug|Any CPU.ActiveCfg = Debug|Any CPU
		{CCC389AD-61A0-4A24-9C71-1703CE90FA75}.Debug|Any CPU.Build.0 = Debug|Any CPU
		{CCC389AD-61A0-4A24-9C71-1703CE90FA75}.Release|Any CPU.ActiveCfg = Release|Any CPU
		{CCC389AD-61A0-4A24-9C71-1703CE90FA75}.Release|Any CPU.Build.0 = Release|Any CPU
	EndGlobalSection
	GlobalSection(SolutionProperties) = preSolution
		HideSolutionNode = FALSE
	EndGlobalSection
	GlobalSection(ExtensibilityGlobals) = postSolution
		SolutionGuid = {60E91D7D-6207-4DF0-A998-564443323393}
	EndGlobalSection
EndGlobal
