
Microsoft Visual Studio Solution File, Format Version 12.00
# Visual Studio Version 17
VisualStudioVersion = 17.4.33213.308
MinimumVisualStudioVersion = 10.0.40219.1
Project("{FAE04EC0-301F-11D3-BF4B-00C04F79EFBC}") = "uri1013abs", "uri1013abs\uri1013abs.csproj", "{E65BAB00-6F79-4E7E-BE07-B7626E0CCAA0}"
EndProject
Global
	GlobalSection(SolutionConfigurationPlatforms) = preSolution
		Debug|Any CPU = Debug|Any CPU
		Release|Any CPU = Release|Any CPU
	EndGlobalSection
	GlobalSection(ProjectConfigurationPlatforms) = postSolution
		{E65BAB00-6F79-4E7E-BE07-B7626E0CCAA0}.Debug|Any CPU.ActiveCfg = Debug|Any CPU
		{E65BAB00-6F79-4E7E-BE07-B7626E0CCAA0}.Debug|Any CPU.Build.0 = Debug|Any CPU
		{E65BAB00-6F79-4E7E-BE07-B7626E0CCAA0}.Release|Any CPU.ActiveCfg = Release|Any CPU
		{E65BAB00-6F79-4E7E-BE07-B7626E0CCAA0}.Release|Any CPU.Build.0 = Release|Any CPU
	EndGlobalSection
	GlobalSection(SolutionProperties) = preSolution
		HideSolutionNode = FALSE
	EndGlobalSection
	GlobalSection(ExtensibilityGlobals) = postSolution
		SolutionGuid = {89394977-3401-4131-9C10-4C4AC72EC8F3}
	EndGlobalSection
EndGlobal
