
Microsoft Visual Studio Solution File, Format Version 12.00
# Visual Studio Version 17
VisualStudioVersion = 17.4.33213.308
MinimumVisualStudioVersion = 10.0.40219.1
Project("{FAE04EC0-301F-11D3-BF4B-00C04F79EFBC}") = "uri1079", "uri1079\uri1079.csproj", "{B2E2210E-4102-443D-A384-697D5AE154D5}"
EndProject
Global
	GlobalSection(SolutionConfigurationPlatforms) = preSolution
		Debug|Any CPU = Debug|Any CPU
		Release|Any CPU = Release|Any CPU
	EndGlobalSection
	GlobalSection(ProjectConfigurationPlatforms) = postSolution
		{B2E2210E-4102-443D-A384-697D5AE154D5}.Debug|Any CPU.ActiveCfg = Debug|Any CPU
		{B2E2210E-4102-443D-A384-697D5AE154D5}.Debug|Any CPU.Build.0 = Debug|Any CPU
		{B2E2210E-4102-443D-A384-697D5AE154D5}.Release|Any CPU.ActiveCfg = Release|Any CPU
		{B2E2210E-4102-443D-A384-697D5AE154D5}.Release|Any CPU.Build.0 = Release|Any CPU
	EndGlobalSection
	GlobalSection(SolutionProperties) = preSolution
		HideSolutionNode = FALSE
	EndGlobalSection
	GlobalSection(ExtensibilityGlobals) = postSolution
		SolutionGuid = {F3B57369-6521-44EF-95A1-2E7FAAA0CDEF}
	EndGlobalSection
EndGlobal
