
Microsoft Visual Studio Solution File, Format Version 12.00
# Visual Studio Version 17
VisualStudioVersion = 17.4.33213.308
MinimumVisualStudioVersion = 10.0.40219.1
Project("{FAE04EC0-301F-11D3-BF4B-00C04F79EFBC}") = "uri1003", "uri1003\uri1003.csproj", "{69902F82-E14F-46C0-8E33-038213532198}"
EndProject
Global
	GlobalSection(SolutionConfigurationPlatforms) = preSolution
		Debug|Any CPU = Debug|Any CPU
		Release|Any CPU = Release|Any CPU
	EndGlobalSection
	GlobalSection(ProjectConfigurationPlatforms) = postSolution
		{69902F82-E14F-46C0-8E33-038213532198}.Debug|Any CPU.ActiveCfg = Debug|Any CPU
		{69902F82-E14F-46C0-8E33-038213532198}.Debug|Any CPU.Build.0 = Debug|Any CPU
		{69902F82-E14F-46C0-8E33-038213532198}.Release|Any CPU.ActiveCfg = Release|Any CPU
		{69902F82-E14F-46C0-8E33-038213532198}.Release|Any CPU.Build.0 = Release|Any CPU
	EndGlobalSection
	GlobalSection(SolutionProperties) = preSolution
		HideSolutionNode = FALSE
	EndGlobalSection
	GlobalSection(ExtensibilityGlobals) = postSolution
		SolutionGuid = {B11DD311-E9F2-4089-BC22-2CD732C73922}
	EndGlobalSection
EndGlobal
