
Microsoft Visual Studio Solution File, Format Version 12.00
# Visual Studio Version 17
VisualStudioVersion = 17.4.33213.308
MinimumVisualStudioVersion = 10.0.40219.1
Project("{FAE04EC0-301F-11D3-BF4B-00C04F79EFBC}") = "uri1154", "uri1154\uri1154.csproj", "{42A23497-CD94-4A3D-847D-69B3BDA98A89}"
EndProject
Global
	GlobalSection(SolutionConfigurationPlatforms) = preSolution
		Debug|Any CPU = Debug|Any CPU
		Release|Any CPU = Release|Any CPU
	EndGlobalSection
	GlobalSection(ProjectConfigurationPlatforms) = postSolution
		{42A23497-CD94-4A3D-847D-69B3BDA98A89}.Debug|Any CPU.ActiveCfg = Debug|Any CPU
		{42A23497-CD94-4A3D-847D-69B3BDA98A89}.Debug|Any CPU.Build.0 = Debug|Any CPU
		{42A23497-CD94-4A3D-847D-69B3BDA98A89}.Release|Any CPU.ActiveCfg = Release|Any CPU
		{42A23497-CD94-4A3D-847D-69B3BDA98A89}.Release|Any CPU.Build.0 = Release|Any CPU
	EndGlobalSection
	GlobalSection(SolutionProperties) = preSolution
		HideSolutionNode = FALSE
	EndGlobalSection
	GlobalSection(ExtensibilityGlobals) = postSolution
		SolutionGuid = {9357183D-D131-4F91-BB6A-D0D15797B318}
	EndGlobalSection
EndGlobal
