
Microsoft Visual Studio Solution File, Format Version 12.00
# Visual Studio Version 17
VisualStudioVersion = 17.4.33213.308
MinimumVisualStudioVersion = 10.0.40219.1
Project("{FAE04EC0-301F-11D3-BF4B-00C04F79EFBC}") = "uri1037prof", "uri1037prof\uri1037prof.csproj", "{2ABCC237-8129-485F-9C30-3D6DD3740037}"
EndProject
Global
	GlobalSection(SolutionConfigurationPlatforms) = preSolution
		Debug|Any CPU = Debug|Any CPU
		Release|Any CPU = Release|Any CPU
	EndGlobalSection
	GlobalSection(ProjectConfigurationPlatforms) = postSolution
		{2ABCC237-8129-485F-9C30-3D6DD3740037}.Debug|Any CPU.ActiveCfg = Debug|Any CPU
		{2ABCC237-8129-485F-9C30-3D6DD3740037}.Debug|Any CPU.Build.0 = Debug|Any CPU
		{2ABCC237-8129-485F-9C30-3D6DD3740037}.Release|Any CPU.ActiveCfg = Release|Any CPU
		{2ABCC237-8129-485F-9C30-3D6DD3740037}.Release|Any CPU.Build.0 = Release|Any CPU
	EndGlobalSection
	GlobalSection(SolutionProperties) = preSolution
		HideSolutionNode = FALSE
	EndGlobalSection
	GlobalSection(ExtensibilityGlobals) = postSolution
		SolutionGuid = {FA9BCF3E-9CDA-40BA-A0C8-8AC8FCA570D0}
	EndGlobalSection
EndGlobal
