
Microsoft Visual Studio Solution File, Format Version 12.00
# Visual Studio Version 17
VisualStudioVersion = 17.4.33213.308
MinimumVisualStudioVersion = 10.0.40219.1
Project("{FAE04EC0-301F-11D3-BF4B-00C04F79EFBC}") = "uri1015", "uri1015\uri1015.csproj", "{B26C4B16-7A81-44F6-BC4C-62CB8B2FF9FA}"
EndProject
Global
	GlobalSection(SolutionConfigurationPlatforms) = preSolution
		Debug|Any CPU = Debug|Any CPU
		Release|Any CPU = Release|Any CPU
	EndGlobalSection
	GlobalSection(ProjectConfigurationPlatforms) = postSolution
		{B26C4B16-7A81-44F6-BC4C-62CB8B2FF9FA}.Debug|Any CPU.ActiveCfg = Debug|Any CPU
		{B26C4B16-7A81-44F6-BC4C-62CB8B2FF9FA}.Debug|Any CPU.Build.0 = Debug|Any CPU
		{B26C4B16-7A81-44F6-BC4C-62CB8B2FF9FA}.Release|Any CPU.ActiveCfg = Release|Any CPU
		{B26C4B16-7A81-44F6-BC4C-62CB8B2FF9FA}.Release|Any CPU.Build.0 = Release|Any CPU
	EndGlobalSection
	GlobalSection(SolutionProperties) = preSolution
		HideSolutionNode = FALSE
	EndGlobalSection
	GlobalSection(ExtensibilityGlobals) = postSolution
		SolutionGuid = {CA846CC9-B302-4C75-8E64-EAAD3BF2508F}
	EndGlobalSection
EndGlobal
