
Microsoft Visual Studio Solution File, Format Version 12.00
# Visual Studio Version 17
VisualStudioVersion = 17.4.33213.308
MinimumVisualStudioVersion = 10.0.40219.1
Project("{FAE04EC0-301F-11D3-BF4B-00C04F79EFBC}") = "uri1006", "uri1006\uri1006.csproj", "{FA950F64-FBF1-4D19-B8BB-A8F8AA90372B}"
EndProject
Global
	GlobalSection(SolutionConfigurationPlatforms) = preSolution
		Debug|Any CPU = Debug|Any CPU
		Release|Any CPU = Release|Any CPU
	EndGlobalSection
	GlobalSection(ProjectConfigurationPlatforms) = postSolution
		{FA950F64-FBF1-4D19-B8BB-A8F8AA90372B}.Debug|Any CPU.ActiveCfg = Debug|Any CPU
		{FA950F64-FBF1-4D19-B8BB-A8F8AA90372B}.Debug|Any CPU.Build.0 = Debug|Any CPU
		{FA950F64-FBF1-4D19-B8BB-A8F8AA90372B}.Release|Any CPU.ActiveCfg = Release|Any CPU
		{FA950F64-FBF1-4D19-B8BB-A8F8AA90372B}.Release|Any CPU.Build.0 = Release|Any CPU
	EndGlobalSection
	GlobalSection(SolutionProperties) = preSolution
		HideSolutionNode = FALSE
	EndGlobalSection
	GlobalSection(ExtensibilityGlobals) = postSolution
		SolutionGuid = {E15C9516-1D78-4871-81E4-134783F6D352}
	EndGlobalSection
EndGlobal
