
Microsoft Visual Studio Solution File, Format Version 12.00
# Visual Studio Version 17
VisualStudioVersion = 17.4.33213.308
MinimumVisualStudioVersion = 10.0.40219.1
Project("{FAE04EC0-301F-11D3-BF4B-00C04F79EFBC}") = "uri1004", "uri1004\uri1004.csproj", "{C12E8619-D5F5-4199-BCF3-42657E473B5C}"
EndProject
Global
	GlobalSection(SolutionConfigurationPlatforms) = preSolution
		Debug|Any CPU = Debug|Any CPU
		Release|Any CPU = Release|Any CPU
	EndGlobalSection
	GlobalSection(ProjectConfigurationPlatforms) = postSolution
		{C12E8619-D5F5-4199-BCF3-42657E473B5C}.Debug|Any CPU.ActiveCfg = Debug|Any CPU
		{C12E8619-D5F5-4199-BCF3-42657E473B5C}.Debug|Any CPU.Build.0 = Debug|Any CPU
		{C12E8619-D5F5-4199-BCF3-42657E473B5C}.Release|Any CPU.ActiveCfg = Release|Any CPU
		{C12E8619-D5F5-4199-BCF3-42657E473B5C}.Release|Any CPU.Build.0 = Release|Any CPU
	EndGlobalSection
	GlobalSection(SolutionProperties) = preSolution
		HideSolutionNode = FALSE
	EndGlobalSection
	GlobalSection(ExtensibilityGlobals) = postSolution
		SolutionGuid = {F67413CA-E987-4DA2-85DF-36A057DBA72C}
	EndGlobalSection
EndGlobal
