
Microsoft Visual Studio Solution File, Format Version 12.00
# Visual Studio Version 17
VisualStudioVersion = 17.4.33213.308
MinimumVisualStudioVersion = 10.0.40219.1
Project("{FAE04EC0-301F-11D3-BF4B-00C04F79EFBC}") = "uri1160b", "uri1160b\uri1160b.csproj", "{527913CC-0B77-4736-9D84-CAA985E00604}"
EndProject
Global
	GlobalSection(SolutionConfigurationPlatforms) = preSolution
		Debug|Any CPU = Debug|Any CPU
		Release|Any CPU = Release|Any CPU
	EndGlobalSection
	GlobalSection(ProjectConfigurationPlatforms) = postSolution
		{527913CC-0B77-4736-9D84-CAA985E00604}.Debug|Any CPU.ActiveCfg = Debug|Any CPU
		{527913CC-0B77-4736-9D84-CAA985E00604}.Debug|Any CPU.Build.0 = Debug|Any CPU
		{527913CC-0B77-4736-9D84-CAA985E00604}.Release|Any CPU.ActiveCfg = Release|Any CPU
		{527913CC-0B77-4736-9D84-CAA985E00604}.Release|Any CPU.Build.0 = Release|Any CPU
	EndGlobalSection
	GlobalSection(SolutionProperties) = preSolution
		HideSolutionNode = FALSE
	EndGlobalSection
	GlobalSection(ExtensibilityGlobals) = postSolution
		SolutionGuid = {1BF973BE-5CF8-4671-AFC3-82437AD78EF9}
	EndGlobalSection
EndGlobal
