
Microsoft Visual Studio Solution File, Format Version 12.00
# Visual Studio Version 17
VisualStudioVersion = 17.4.33213.308
MinimumVisualStudioVersion = 10.0.40219.1
Project("{FAE04EC0-301F-11D3-BF4B-00C04F79EFBC}") = "PrimeiroProjeto", "PrimeiroProjeto\PrimeiroProjeto.csproj", "{241BAC4A-B07B-4728-80EA-5DAFA702D379}"
EndProject
Global
	GlobalSection(SolutionConfigurationPlatforms) = preSolution
		Debug|Any CPU = Debug|Any CPU
		Release|Any CPU = Release|Any CPU
	EndGlobalSection
	GlobalSection(ProjectConfigurationPlatforms) = postSolution
		{241BAC4A-B07B-4728-80EA-5DAFA702D379}.Debug|Any CPU.ActiveCfg = Debug|Any CPU
		{241BAC4A-B07B-4728-80EA-5DAFA702D379}.Debug|Any CPU.Build.0 = Debug|Any CPU
		{241BAC4A-B07B-4728-80EA-5DAFA702D379}.Release|Any CPU.ActiveCfg = Release|Any CPU
		{241BAC4A-B07B-4728-80EA-5DAFA702D379}.Release|Any CPU.Build.0 = Release|Any CPU
	EndGlobalSection
	GlobalSection(SolutionProperties) = preSolution
		HideSolutionNode = FALSE
	EndGlobalSection
	GlobalSection(ExtensibilityGlobals) = postSolution
		SolutionGuid = {1C4F6847-ABEE-424F-A826-86726C9A0797}
	EndGlobalSection
EndGlobal
