
Microsoft Visual Studio Solution File, Format Version 12.00
# Visual Studio Version 17
VisualStudioVersion = 17.4.33213.308
MinimumVisualStudioVersion = 10.0.40219.1
Project("{FAE04EC0-301F-11D3-BF4B-00C04F79EFBC}") = "uri1017", "uri1017\uri1017.csproj", "{4105436F-1321-4524-8248-4695CB1DAA43}"
EndProject
Global
	GlobalSection(SolutionConfigurationPlatforms) = preSolution
		Debug|Any CPU = Debug|Any CPU
		Release|Any CPU = Release|Any CPU
	EndGlobalSection
	GlobalSection(ProjectConfigurationPlatforms) = postSolution
		{4105436F-1321-4524-8248-4695CB1DAA43}.Debug|Any CPU.ActiveCfg = Debug|Any CPU
		{4105436F-1321-4524-8248-4695CB1DAA43}.Debug|Any CPU.Build.0 = Debug|Any CPU
		{4105436F-1321-4524-8248-4695CB1DAA43}.Release|Any CPU.ActiveCfg = Release|Any CPU
		{4105436F-1321-4524-8248-4695CB1DAA43}.Release|Any CPU.Build.0 = Release|Any CPU
	EndGlobalSection
	GlobalSection(SolutionProperties) = preSolution
		HideSolutionNode = FALSE
	EndGlobalSection
	GlobalSection(ExtensibilityGlobals) = postSolution
		SolutionGuid = {CC9FFCEA-4B56-4603-8318-B5348D426371}
	EndGlobalSection
EndGlobal
